// !$*UTF8*$!
{
	archiveVersion = 1;
	classes = {
	};
	objectVersion = 46;
	objects = {

/* Begin PBXBuildFile section */
		8C4520A81F08E159002F0E38 /* HypotheSwift.swift in Sources */ = {isa = PBXBuildFile; fileRef = 8C4520A71F08E159002F0E38 /* HypotheSwift.swift */; };
		8C4520AB1F08E159002F0E38 /* HypotheSwift.swift in Sources */ = {isa = PBXBuildFile; fileRef = 8C4520A71F08E159002F0E38 /* HypotheSwift.swift */; };
		8C5A76761ED95A50004F87A2 /* HypotheSwift.h in Headers */ = {isa = PBXBuildFile; fileRef = 8C5A76751ED95A50004F87A2 /* HypotheSwift.h */; settings = {ATTRIBUTES = (Public, ); }; };
		8C5A76791ED95B67004F87A2 /* HypotheSwift.h in Headers */ = {isa = PBXBuildFile; fileRef = 8C5A76751ED95A50004F87A2 /* HypotheSwift.h */; settings = {ATTRIBUTES = (Public, ); }; };
		B0099B132075AD9C0080AB72 /* Focus.framework in Frameworks */ = {isa = PBXBuildFile; fileRef = B09BDF3E2073F1D7000F6922 /* Focus.framework */; };
		B0099B142075AD9C0080AB72 /* Prelude.framework in Frameworks */ = {isa = PBXBuildFile; fileRef = B09BDF402073F1D9000F6922 /* Prelude.framework */; };
		B0099B152075AD9C0080AB72 /* ReactiveSwift.framework in Frameworks */ = {isa = PBXBuildFile; fileRef = B09BDF422073F1DC000F6922 /* ReactiveSwift.framework */; };
		B0099B162075AD9C0080AB72 /* Result.framework in Frameworks */ = {isa = PBXBuildFile; fileRef = B09BDF442073F1E0000F6922 /* Result.framework */; };
		B0105E212077C6D6004D5F79 /* Gen.swift in Sources */ = {isa = PBXBuildFile; fileRef = B0105E202077C6D6004D5F79 /* Gen.swift */; };
		B0105E222077C9DB004D5F79 /* Gen.swift in Sources */ = {isa = PBXBuildFile; fileRef = B0105E202077C6D6004D5F79 /* Gen.swift */; };
		B0105E382077D3B7004D5F79 /* Threadly.framework in Frameworks */ = {isa = PBXBuildFile; fileRef = B0105E352077D3B7004D5F79 /* Threadly.framework */; };
		B0105E392077D3B7004D5F79 /* RandomKit.framework in Frameworks */ = {isa = PBXBuildFile; fileRef = B0105E362077D3B7004D5F79 /* RandomKit.framework */; };
		B0265F5E2077233100B6BABE /* IxMultiStore.swift in Sources */ = {isa = PBXBuildFile; fileRef = B0265F512077233100B6BABE /* IxMultiStore.swift */; };
		B0265F5F2077233100B6BABE /* IxMultiStore.swift in Sources */ = {isa = PBXBuildFile; fileRef = B0265F512077233100B6BABE /* IxMultiStore.swift */; };
		B0265F602077233100B6BABE /* IxStore.swift in Sources */ = {isa = PBXBuildFile; fileRef = B0265F522077233100B6BABE /* IxStore.swift */; };
		B0265F612077233100B6BABE /* IxStore.swift in Sources */ = {isa = PBXBuildFile; fileRef = B0265F522077233100B6BABE /* IxStore.swift */; };
		B0265F622077233100B6BABE /* Iso.swift in Sources */ = {isa = PBXBuildFile; fileRef = B0265F532077233100B6BABE /* Iso.swift */; };
		B0265F632077233100B6BABE /* Iso.swift in Sources */ = {isa = PBXBuildFile; fileRef = B0265F532077233100B6BABE /* Iso.swift */; };
		B0265F642077233100B6BABE /* Setter.swift in Sources */ = {isa = PBXBuildFile; fileRef = B0265F542077233100B6BABE /* Setter.swift */; };
		B0265F652077233100B6BABE /* Setter.swift in Sources */ = {isa = PBXBuildFile; fileRef = B0265F542077233100B6BABE /* Setter.swift */; };
		B0265F662077233100B6BABE /* Operators.swift in Sources */ = {isa = PBXBuildFile; fileRef = B0265F552077233100B6BABE /* Operators.swift */; };
		B0265F672077233100B6BABE /* Operators.swift in Sources */ = {isa = PBXBuildFile; fileRef = B0265F552077233100B6BABE /* Operators.swift */; };
		B0265F682077233100B6BABE /* LensOperators.swift in Sources */ = {isa = PBXBuildFile; fileRef = B0265F562077233100B6BABE /* LensOperators.swift */; };
		B0265F692077233100B6BABE /* LensOperators.swift in Sources */ = {isa = PBXBuildFile; fileRef = B0265F562077233100B6BABE /* LensOperators.swift */; };
		B0265F6A2077233100B6BABE /* IxState.swift in Sources */ = {isa = PBXBuildFile; fileRef = B0265F572077233100B6BABE /* IxState.swift */; };
		B0265F6B2077233100B6BABE /* IxState.swift in Sources */ = {isa = PBXBuildFile; fileRef = B0265F572077233100B6BABE /* IxState.swift */; };
		B0265F6C2077233100B6BABE /* Protocols.swift in Sources */ = {isa = PBXBuildFile; fileRef = B0265F582077233100B6BABE /* Protocols.swift */; };
		B0265F6D2077233100B6BABE /* Protocols.swift in Sources */ = {isa = PBXBuildFile; fileRef = B0265F582077233100B6BABE /* Protocols.swift */; };
		B0265F6E2077233100B6BABE /* ArrayZipper.swift in Sources */ = {isa = PBXBuildFile; fileRef = B0265F592077233100B6BABE /* ArrayZipper.swift */; };
		B0265F6F2077233100B6BABE /* ArrayZipper.swift in Sources */ = {isa = PBXBuildFile; fileRef = B0265F592077233100B6BABE /* ArrayZipper.swift */; };
		B0265F702077233100B6BABE /* Prism.swift in Sources */ = {isa = PBXBuildFile; fileRef = B0265F5A2077233100B6BABE /* Prism.swift */; };
		B0265F712077233100B6BABE /* Prism.swift in Sources */ = {isa = PBXBuildFile; fileRef = B0265F5A2077233100B6BABE /* Prism.swift */; };
		B0265F722077233100B6BABE /* IxCont.swift in Sources */ = {isa = PBXBuildFile; fileRef = B0265F5B2077233100B6BABE /* IxCont.swift */; };
		B0265F732077233100B6BABE /* IxCont.swift in Sources */ = {isa = PBXBuildFile; fileRef = B0265F5B2077233100B6BABE /* IxCont.swift */; };
		B0265F742077233100B6BABE /* Focus.h in Headers */ = {isa = PBXBuildFile; fileRef = B0265F5C2077233100B6BABE /* Focus.h */; };
		B0265F752077233100B6BABE /* Focus.h in Headers */ = {isa = PBXBuildFile; fileRef = B0265F5C2077233100B6BABE /* Focus.h */; };
		B0265F762077233100B6BABE /* Lens.swift in Sources */ = {isa = PBXBuildFile; fileRef = B0265F5D2077233100B6BABE /* Lens.swift */; };
		B0265F772077233100B6BABE /* Lens.swift in Sources */ = {isa = PBXBuildFile; fileRef = B0265F5D2077233100B6BABE /* Lens.swift */; };
		B0523851207BB55200C7F336 /* MinimizerTests.swift in Sources */ = {isa = PBXBuildFile; fileRef = B0523850207BB55200C7F336 /* MinimizerTests.swift */; };
		B056CBBE2077E8CE000CF005 /* Prelude.framework in Frameworks */ = {isa = PBXBuildFile; fileRef = B09BDF402073F1D9000F6922 /* Prelude.framework */; };
		B056CBBF2077E8CE000CF005 /* RandomKit.framework in Frameworks */ = {isa = PBXBuildFile; fileRef = B0105E362077D3B7004D5F79 /* RandomKit.framework */; };
		B056CBC12077E8CE000CF005 /* Result.framework in Frameworks */ = {isa = PBXBuildFile; fileRef = B09BDF442073F1E0000F6922 /* Result.framework */; };
		B056CBC22077E8CE000CF005 /* ShiftOperations.framework in Frameworks */ = {isa = PBXBuildFile; fileRef = B0105E342077D3B7004D5F79 /* ShiftOperations.framework */; };
		B056CBC32077E8CE000CF005 /* Threadly.framework in Frameworks */ = {isa = PBXBuildFile; fileRef = B0105E352077D3B7004D5F79 /* Threadly.framework */; };
		B056CBC52077E8CE000CF005 /* HypotheSwift.framework in Frameworks */ = {isa = PBXBuildFile; fileRef = B056CBC42077E8CE000CF005 /* HypotheSwift.framework */; };
		B056CBC72077EB9E000CF005 /* Boolean+Extensions.swift in Sources */ = {isa = PBXBuildFile; fileRef = B056CBC62077EB9E000CF005 /* Boolean+Extensions.swift */; };
		B056CBC82077EB9E000CF005 /* Boolean+Extensions.swift in Sources */ = {isa = PBXBuildFile; fileRef = B056CBC62077EB9E000CF005 /* Boolean+Extensions.swift */; };
		B065FB4920753A6B00572691 /* Focus.swift in Sources */ = {isa = PBXBuildFile; fileRef = B065FB4820753A6B00572691 /* Focus.swift */; };
		B065FB4A20753A6B00572691 /* Focus.swift in Sources */ = {isa = PBXBuildFile; fileRef = B065FB4820753A6B00572691 /* Focus.swift */; };
		B065FB4C20753BF000572691 /* ArrayExtensions.swift in Sources */ = {isa = PBXBuildFile; fileRef = B065FB4B20753BF000572691 /* ArrayExtensions.swift */; };
		B065FB4D20753BF000572691 /* ArrayExtensions.swift in Sources */ = {isa = PBXBuildFile; fileRef = B065FB4B20753BF000572691 /* ArrayExtensions.swift */; };
		B094E4A320740B87005D559E /* HypotheSwiftTests.swift in Sources */ = {isa = PBXBuildFile; fileRef = B094E4A220740B87005D559E /* HypotheSwiftTests.swift */; };
		B094E4A520740B87005D559E /* HypotheSwift.framework in Frameworks */ = {isa = PBXBuildFile; fileRef = 8C0968A01ED8CE5500CC19F2 /* HypotheSwift.framework */; };
		B09BDF412073F1D9000F6922 /* Prelude.framework in Frameworks */ = {isa = PBXBuildFile; fileRef = B09BDF402073F1D9000F6922 /* Prelude.framework */; };
		B09BDF452073F1E0000F6922 /* Result.framework in Frameworks */ = {isa = PBXBuildFile; fileRef = B09BDF442073F1E0000F6922 /* Result.framework */; };
		B09BDF512073FD4C000F6922 /* PropertyTest.swift in Sources */ = {isa = PBXBuildFile; fileRef = B09BDF502073FD4C000F6922 /* PropertyTest.swift */; };
		B09BDF522073FD4C000F6922 /* PropertyTest.swift in Sources */ = {isa = PBXBuildFile; fileRef = B09BDF502073FD4C000F6922 /* PropertyTest.swift */; };
		B09BDF542073FE46000F6922 /* Function.swift in Sources */ = {isa = PBXBuildFile; fileRef = B09BDF532073FE46000F6922 /* Function.swift */; };
		B09BDF552073FE46000F6922 /* Function.swift in Sources */ = {isa = PBXBuildFile; fileRef = B09BDF532073FE46000F6922 /* Function.swift */; };
		B09D57A22077F79100CCF149 /* UtilityFunctions.swift in Sources */ = {isa = PBXBuildFile; fileRef = B09D57A12077F79100CCF149 /* UtilityFunctions.swift */; };
		B09D57A32077F79100CCF149 /* UtilityFunctions.swift in Sources */ = {isa = PBXBuildFile; fileRef = B09D57A12077F79100CCF149 /* UtilityFunctions.swift */; };
		B09D57A52077F80500CCF149 /* Arguments.swift in Sources */ = {isa = PBXBuildFile; fileRef = B09D57A42077F80500CCF149 /* Arguments.swift */; };
		B09D57A62077F80500CCF149 /* Arguments.swift in Sources */ = {isa = PBXBuildFile; fileRef = B09D57A42077F80500CCF149 /* Arguments.swift */; };
		B09D57A82077F8D600CCF149 /* ArgumentType.swift in Sources */ = {isa = PBXBuildFile; fileRef = B09D57A72077F8D600CCF149 /* ArgumentType.swift */; };
		B09D57A92077F8D600CCF149 /* ArgumentType.swift in Sources */ = {isa = PBXBuildFile; fileRef = B09D57A72077F8D600CCF149 /* ArgumentType.swift */; };
		B0A573F82075BB7A004C5FDA /* Constraint.swift in Sources */ = {isa = PBXBuildFile; fileRef = B0A573F72075BB7A004C5FDA /* Constraint.swift */; };
		B0A573F92075BB7A004C5FDA /* Constraint.swift in Sources */ = {isa = PBXBuildFile; fileRef = B0A573F72075BB7A004C5FDA /* Constraint.swift */; };
		B0B4A7A6207BB73900BE8381 /* String+Utilities.swift in Sources */ = {isa = PBXBuildFile; fileRef = B0B4A7A5207BB73900BE8381 /* String+Utilities.swift */; };
		B0B4A7A7207BB73900BE8381 /* String+Utilities.swift in Sources */ = {isa = PBXBuildFile; fileRef = B0B4A7A5207BB73900BE8381 /* String+Utilities.swift */; };
		B0C42F87207AC984007707BB /* PropertyTestConvenience.swift in Sources */ = {isa = PBXBuildFile; fileRef = B0C42F86207AC984007707BB /* PropertyTestConvenience.swift */; };
		B0C42F88207AC984007707BB /* PropertyTestConvenience.swift in Sources */ = {isa = PBXBuildFile; fileRef = B0C42F86207AC984007707BB /* PropertyTestConvenience.swift */; };
		B0C42F8A207ACB8D007707BB /* FunctionTests.swift in Sources */ = {isa = PBXBuildFile; fileRef = B0C42F89207ACB8D007707BB /* FunctionTests.swift */; };
		B0C42F8C207ADA7D007707BB /* GenTests.swift in Sources */ = {isa = PBXBuildFile; fileRef = B0C42F8B207ADA7D007707BB /* GenTests.swift */; };
		B0C42F8E207AEB90007707BB /* Minimizer.swift in Sources */ = {isa = PBXBuildFile; fileRef = B0C42F8D207AEB90007707BB /* Minimizer.swift */; };
		B0C42F8F207AEB90007707BB /* Minimizer.swift in Sources */ = {isa = PBXBuildFile; fileRef = B0C42F8D207AEB90007707BB /* Minimizer.swift */; };
		B0C42F91207C15EC007707BB /* RunnablePropertyTest.swift in Sources */ = {isa = PBXBuildFile; fileRef = B0C42F90207C15EC007707BB /* RunnablePropertyTest.swift */; };
		B0C42F92207C15F1007707BB /* RunnablePropertyTest.swift in Sources */ = {isa = PBXBuildFile; fileRef = B0C42F90207C15EC007707BB /* RunnablePropertyTest.swift */; };
		B0C42F94207C1665007707BB /* TestConfig.swift in Sources */ = {isa = PBXBuildFile; fileRef = B0C42F93207C1665007707BB /* TestConfig.swift */; };
		B0C42F95207C1665007707BB /* TestConfig.swift in Sources */ = {isa = PBXBuildFile; fileRef = B0C42F93207C1665007707BB /* TestConfig.swift */; };
		B0C42F97207C1A60007707BB /* SingleArgumentConstraint.swift in Sources */ = {isa = PBXBuildFile; fileRef = B0C42F96207C1A60007707BB /* SingleArgumentConstraint.swift */; };
		B0C42F98207C1A60007707BB /* SingleArgumentConstraint.swift in Sources */ = {isa = PBXBuildFile; fileRef = B0C42F96207C1A60007707BB /* SingleArgumentConstraint.swift */; };
		B0C42F9A207C1AA5007707BB /* MultiArgumentConstraint.swift in Sources */ = {isa = PBXBuildFile; fileRef = B0C42F99207C1AA5007707BB /* MultiArgumentConstraint.swift */; };
		B0C42F9B207C1AA5007707BB /* MultiArgumentConstraint.swift in Sources */ = {isa = PBXBuildFile; fileRef = B0C42F99207C1AA5007707BB /* MultiArgumentConstraint.swift */; };
		B0C42F9D207C1AFB007707BB /* ConstraintMaker.swift in Sources */ = {isa = PBXBuildFile; fileRef = B0C42F9C207C1AFB007707BB /* ConstraintMaker.swift */; };
		B0C42F9E207C1AFB007707BB /* ConstraintMaker.swift in Sources */ = {isa = PBXBuildFile; fileRef = B0C42F9C207C1AFB007707BB /* ConstraintMaker.swift */; };
		B0C42FAB207C2780007707BB /* ShiftOperations.framework in Frameworks */ = {isa = PBXBuildFile; fileRef = B0105E342077D3B7004D5F79 /* ShiftOperations.framework */; };
/* End PBXBuildFile section */

/* Begin PBXContainerItemProxy section */
		B094E4A620740B87005D559E /* PBXContainerItemProxy */ = {
			isa = PBXContainerItemProxy;
			containerPortal = 8C09686D1ED8C3A200CC19F2 /* Project object */;
			proxyType = 1;
			remoteGlobalIDString = 8C09689F1ED8CE5500CC19F2;
			remoteInfo = "HypotheSwift macOS";
		};
/* End PBXContainerItemProxy section */

/* Begin PBXFileReference section */
		8C0968781ED8C64500CC19F2 /* HypotheSwift.framework */ = {isa = PBXFileReference; explicitFileType = wrapper.framework; includeInIndex = 0; path = HypotheSwift.framework; sourceTree = BUILT_PRODUCTS_DIR; };
		8C0968A01ED8CE5500CC19F2 /* HypotheSwift.framework */ = {isa = PBXFileReference; explicitFileType = wrapper.framework; includeInIndex = 0; path = HypotheSwift.framework; sourceTree = BUILT_PRODUCTS_DIR; };
		8C0968A91ED8D80300CC19F2 /* Info-iOS.plist */ = {isa = PBXFileReference; lastKnownFileType = text.plist.xml; path = "Info-iOS.plist"; sourceTree = "<group>"; };
		8C0968AA1ED8D80300CC19F2 /* Info-macOS.plist */ = {isa = PBXFileReference; lastKnownFileType = text.plist.xml; path = "Info-macOS.plist"; sourceTree = "<group>"; };
		8C0968AB1ED8D80300CC19F2 /* Info-tvOS.plist */ = {isa = PBXFileReference; lastKnownFileType = text.plist.xml; path = "Info-tvOS.plist"; sourceTree = "<group>"; };
		8C0968AC1ED8D80300CC19F2 /* Info-watchOS.plist */ = {isa = PBXFileReference; lastKnownFileType = text.plist.xml; path = "Info-watchOS.plist"; sourceTree = "<group>"; };
		8C4520A71F08E159002F0E38 /* HypotheSwift.swift */ = {isa = PBXFileReference; lastKnownFileType = sourcecode.swift; path = HypotheSwift.swift; sourceTree = "<group>"; };
		8C5A76751ED95A50004F87A2 /* HypotheSwift.h */ = {isa = PBXFileReference; fileEncoding = 4; lastKnownFileType = sourcecode.c.h; path = HypotheSwift.h; sourceTree = "<group>"; };
		8C800AF41F3B56FF00880A95 /* README.md */ = {isa = PBXFileReference; lastKnownFileType = net.daringfireball.markdown; name = README.md; path = "Sources/HypotheSwift/Additional Files/README.md"; sourceTree = SOURCE_ROOT; };
		B0105E202077C6D6004D5F79 /* Gen.swift */ = {isa = PBXFileReference; lastKnownFileType = sourcecode.swift; path = Gen.swift; sourceTree = "<group>"; };
		B0105E342077D3B7004D5F79 /* ShiftOperations.framework */ = {isa = PBXFileReference; lastKnownFileType = wrapper.framework; name = ShiftOperations.framework; path = Carthage/Build/Mac/ShiftOperations.framework; sourceTree = "<group>"; };
		B0105E352077D3B7004D5F79 /* Threadly.framework */ = {isa = PBXFileReference; lastKnownFileType = wrapper.framework; name = Threadly.framework; path = Carthage/Build/Mac/Threadly.framework; sourceTree = "<group>"; };
		B0105E362077D3B7004D5F79 /* RandomKit.framework */ = {isa = PBXFileReference; lastKnownFileType = wrapper.framework; name = RandomKit.framework; path = Carthage/Build/Mac/RandomKit.framework; sourceTree = "<group>"; };
		B0265F512077233100B6BABE /* IxMultiStore.swift */ = {isa = PBXFileReference; fileEncoding = 4; lastKnownFileType = sourcecode.swift; path = IxMultiStore.swift; sourceTree = "<group>"; };
		B0265F522077233100B6BABE /* IxStore.swift */ = {isa = PBXFileReference; fileEncoding = 4; lastKnownFileType = sourcecode.swift; path = IxStore.swift; sourceTree = "<group>"; };
		B0265F532077233100B6BABE /* Iso.swift */ = {isa = PBXFileReference; fileEncoding = 4; lastKnownFileType = sourcecode.swift; path = Iso.swift; sourceTree = "<group>"; };
		B0265F542077233100B6BABE /* Setter.swift */ = {isa = PBXFileReference; fileEncoding = 4; lastKnownFileType = sourcecode.swift; path = Setter.swift; sourceTree = "<group>"; };
		B0265F552077233100B6BABE /* Operators.swift */ = {isa = PBXFileReference; fileEncoding = 4; lastKnownFileType = sourcecode.swift; path = Operators.swift; sourceTree = "<group>"; };
		B0265F562077233100B6BABE /* LensOperators.swift */ = {isa = PBXFileReference; fileEncoding = 4; lastKnownFileType = sourcecode.swift; path = LensOperators.swift; sourceTree = "<group>"; };
		B0265F572077233100B6BABE /* IxState.swift */ = {isa = PBXFileReference; fileEncoding = 4; lastKnownFileType = sourcecode.swift; path = IxState.swift; sourceTree = "<group>"; };
		B0265F582077233100B6BABE /* Protocols.swift */ = {isa = PBXFileReference; fileEncoding = 4; lastKnownFileType = sourcecode.swift; path = Protocols.swift; sourceTree = "<group>"; };
		B0265F592077233100B6BABE /* ArrayZipper.swift */ = {isa = PBXFileReference; fileEncoding = 4; lastKnownFileType = sourcecode.swift; path = ArrayZipper.swift; sourceTree = "<group>"; };
		B0265F5A2077233100B6BABE /* Prism.swift */ = {isa = PBXFileReference; fileEncoding = 4; lastKnownFileType = sourcecode.swift; path = Prism.swift; sourceTree = "<group>"; };
		B0265F5B2077233100B6BABE /* IxCont.swift */ = {isa = PBXFileReference; fileEncoding = 4; lastKnownFileType = sourcecode.swift; path = IxCont.swift; sourceTree = "<group>"; };
		B0265F5C2077233100B6BABE /* Focus.h */ = {isa = PBXFileReference; fileEncoding = 4; lastKnownFileType = sourcecode.c.h; path = Focus.h; sourceTree = "<group>"; };
		B0265F5D2077233100B6BABE /* Lens.swift */ = {isa = PBXFileReference; fileEncoding = 4; lastKnownFileType = sourcecode.swift; path = Lens.swift; sourceTree = "<group>"; };
		B0523850207BB55200C7F336 /* MinimizerTests.swift */ = {isa = PBXFileReference; lastKnownFileType = sourcecode.swift; path = MinimizerTests.swift; sourceTree = "<group>"; };
		B056CBC42077E8CE000CF005 /* HypotheSwift.framework */ = {isa = PBXFileReference; lastKnownFileType = wrapper.framework; name = HypotheSwift.framework; path = Carthage/Build/Mac/HypotheSwift.framework; sourceTree = "<group>"; };
		B056CBC62077EB9E000CF005 /* Boolean+Extensions.swift */ = {isa = PBXFileReference; lastKnownFileType = sourcecode.swift; path = "Boolean+Extensions.swift"; sourceTree = "<group>"; };
		B065FB4820753A6B00572691 /* Focus.swift */ = {isa = PBXFileReference; lastKnownFileType = sourcecode.swift; path = Focus.swift; sourceTree = "<group>"; };
		B065FB4B20753BF000572691 /* ArrayExtensions.swift */ = {isa = PBXFileReference; lastKnownFileType = sourcecode.swift; path = ArrayExtensions.swift; sourceTree = "<group>"; };
		B094E4A020740B87005D559E /* HypotheSwiftTests.xctest */ = {isa = PBXFileReference; explicitFileType = wrapper.cfbundle; includeInIndex = 0; path = HypotheSwiftTests.xctest; sourceTree = BUILT_PRODUCTS_DIR; };
		B094E4A220740B87005D559E /* HypotheSwiftTests.swift */ = {isa = PBXFileReference; lastKnownFileType = sourcecode.swift; path = HypotheSwiftTests.swift; sourceTree = "<group>"; };
		B094E4A420740B87005D559E /* Info.plist */ = {isa = PBXFileReference; lastKnownFileType = text.plist.xml; path = Info.plist; sourceTree = "<group>"; };
		B09BDF3E2073F1D7000F6922 /* Focus.framework */ = {isa = PBXFileReference; lastKnownFileType = wrapper.framework; name = Focus.framework; path = Carthage/Build/Mac/Focus.framework; sourceTree = "<group>"; };
		B09BDF402073F1D9000F6922 /* Prelude.framework */ = {isa = PBXFileReference; lastKnownFileType = wrapper.framework; name = Prelude.framework; path = Carthage/Build/Mac/Prelude.framework; sourceTree = "<group>"; };
		B09BDF422073F1DC000F6922 /* ReactiveSwift.framework */ = {isa = PBXFileReference; lastKnownFileType = wrapper.framework; name = ReactiveSwift.framework; path = Carthage/Build/Mac/ReactiveSwift.framework; sourceTree = "<group>"; };
		B09BDF442073F1E0000F6922 /* Result.framework */ = {isa = PBXFileReference; lastKnownFileType = wrapper.framework; name = Result.framework; path = Carthage/Build/Mac/Result.framework; sourceTree = "<group>"; };
		B09BDF482073F7AA000F6922 /* Result.framework */ = {isa = PBXFileReference; lastKnownFileType = wrapper.framework; name = Result.framework; path = Carthage/Build/iOS/Result.framework; sourceTree = "<group>"; };
		B09BDF492073F7AA000F6922 /* Focus.framework */ = {isa = PBXFileReference; lastKnownFileType = wrapper.framework; name = Focus.framework; path = Carthage/Build/iOS/Focus.framework; sourceTree = "<group>"; };
		B09BDF4A2073F7AA000F6922 /* Prelude.framework */ = {isa = PBXFileReference; lastKnownFileType = wrapper.framework; name = Prelude.framework; path = Carthage/Build/iOS/Prelude.framework; sourceTree = "<group>"; };
		B09BDF4B2073F7AA000F6922 /* ReactiveSwift.framework */ = {isa = PBXFileReference; lastKnownFileType = wrapper.framework; name = ReactiveSwift.framework; path = Carthage/Build/iOS/ReactiveSwift.framework; sourceTree = "<group>"; };
		B09BDF502073FD4C000F6922 /* PropertyTest.swift */ = {isa = PBXFileReference; lastKnownFileType = sourcecode.swift; path = PropertyTest.swift; sourceTree = "<group>"; };
		B09BDF532073FE46000F6922 /* Function.swift */ = {isa = PBXFileReference; lastKnownFileType = sourcecode.swift; path = Function.swift; sourceTree = "<group>"; };
		B09D57A12077F79100CCF149 /* UtilityFunctions.swift */ = {isa = PBXFileReference; lastKnownFileType = sourcecode.swift; path = UtilityFunctions.swift; sourceTree = "<group>"; };
		B09D57A42077F80500CCF149 /* Arguments.swift */ = {isa = PBXFileReference; lastKnownFileType = sourcecode.swift; path = Arguments.swift; sourceTree = "<group>"; };
		B09D57A72077F8D600CCF149 /* ArgumentType.swift */ = {isa = PBXFileReference; lastKnownFileType = sourcecode.swift; path = ArgumentType.swift; sourceTree = "<group>"; };
		B0A573F72075BB7A004C5FDA /* Constraint.swift */ = {isa = PBXFileReference; lastKnownFileType = sourcecode.swift; path = Constraint.swift; sourceTree = "<group>"; };
		B0B4A7A5207BB73900BE8381 /* String+Utilities.swift */ = {isa = PBXFileReference; lastKnownFileType = sourcecode.swift; path = "String+Utilities.swift"; sourceTree = "<group>"; };
		B0C42F86207AC984007707BB /* PropertyTestConvenience.swift */ = {isa = PBXFileReference; lastKnownFileType = sourcecode.swift; path = PropertyTestConvenience.swift; sourceTree = "<group>"; };
		B0C42F89207ACB8D007707BB /* FunctionTests.swift */ = {isa = PBXFileReference; lastKnownFileType = sourcecode.swift; path = FunctionTests.swift; sourceTree = "<group>"; };
		B0C42F8B207ADA7D007707BB /* GenTests.swift */ = {isa = PBXFileReference; lastKnownFileType = sourcecode.swift; path = GenTests.swift; sourceTree = "<group>"; };
		B0C42F8D207AEB90007707BB /* Minimizer.swift */ = {isa = PBXFileReference; lastKnownFileType = sourcecode.swift; path = Minimizer.swift; sourceTree = "<group>"; };
		B0C42F90207C15EC007707BB /* RunnablePropertyTest.swift */ = {isa = PBXFileReference; lastKnownFileType = sourcecode.swift; path = RunnablePropertyTest.swift; sourceTree = "<group>"; };
		B0C42F93207C1665007707BB /* TestConfig.swift */ = {isa = PBXFileReference; lastKnownFileType = sourcecode.swift; path = TestConfig.swift; sourceTree = "<group>"; };
		B0C42F96207C1A60007707BB /* SingleArgumentConstraint.swift */ = {isa = PBXFileReference; lastKnownFileType = sourcecode.swift; path = SingleArgumentConstraint.swift; sourceTree = "<group>"; };
		B0C42F99207C1AA5007707BB /* MultiArgumentConstraint.swift */ = {isa = PBXFileReference; lastKnownFileType = sourcecode.swift; path = MultiArgumentConstraint.swift; sourceTree = "<group>"; };
		B0C42F9C207C1AFB007707BB /* ConstraintMaker.swift */ = {isa = PBXFileReference; lastKnownFileType = sourcecode.swift; path = ConstraintMaker.swift; sourceTree = "<group>"; };
/* End PBXFileReference section */

/* Begin PBXFrameworksBuildPhase section */
		8C0968741ED8C64500CC19F2 /* Frameworks */ = {
			isa = PBXFrameworksBuildPhase;
			buildActionMask = 2147483647;
			files = (
				B0099B132075AD9C0080AB72 /* Focus.framework in Frameworks */,
				B0099B142075AD9C0080AB72 /* Prelude.framework in Frameworks */,
				B0099B152075AD9C0080AB72 /* ReactiveSwift.framework in Frameworks */,
				B0099B162075AD9C0080AB72 /* Result.framework in Frameworks */,
			);
			runOnlyForDeploymentPostprocessing = 0;
		};
		8C09689C1ED8CE5500CC19F2 /* Frameworks */ = {
			isa = PBXFrameworksBuildPhase;
			buildActionMask = 2147483647;
			files = (
				B09BDF412073F1D9000F6922 /* Prelude.framework in Frameworks */,
				B0105E382077D3B7004D5F79 /* Threadly.framework in Frameworks */,
				B0C42FAB207C2780007707BB /* ShiftOperations.framework in Frameworks */,
				B0105E392077D3B7004D5F79 /* RandomKit.framework in Frameworks */,
				B09BDF452073F1E0000F6922 /* Result.framework in Frameworks */,
			);
			runOnlyForDeploymentPostprocessing = 0;
		};
		B094E49D20740B87005D559E /* Frameworks */ = {
			isa = PBXFrameworksBuildPhase;
			buildActionMask = 2147483647;
			files = (
				B094E4A520740B87005D559E /* HypotheSwift.framework in Frameworks */,
				B056CBC52077E8CE000CF005 /* HypotheSwift.framework in Frameworks */,
				B056CBBE2077E8CE000CF005 /* Prelude.framework in Frameworks */,
				B056CBBF2077E8CE000CF005 /* RandomKit.framework in Frameworks */,
				B056CBC12077E8CE000CF005 /* Result.framework in Frameworks */,
				B056CBC22077E8CE000CF005 /* ShiftOperations.framework in Frameworks */,
				B056CBC32077E8CE000CF005 /* Threadly.framework in Frameworks */,
			);
			runOnlyForDeploymentPostprocessing = 0;
		};
/* End PBXFrameworksBuildPhase section */

/* Begin PBXGroup section */
		8C09686C1ED8C3A200CC19F2 = {
			isa = PBXGroup;
			children = (
				8C0968A81ED8D24F00CC19F2 /* Sources */,
				B094E4A120740B87005D559E /* HypotheSwiftTests */,
				8C0968791ED8C64500CC19F2 /* Products */,
				B09BDF3D2073F1D7000F6922 /* Frameworks */,
			);
			sourceTree = "<group>";
		};
		8C0968791ED8C64500CC19F2 /* Products */ = {
			isa = PBXGroup;
			children = (
				8C0968781ED8C64500CC19F2 /* HypotheSwift.framework */,
				8C0968A01ED8CE5500CC19F2 /* HypotheSwift.framework */,
				B094E4A020740B87005D559E /* HypotheSwiftTests.xctest */,
			);
			name = Products;
			sourceTree = "<group>";
		};
		8C0968A81ED8D24F00CC19F2 /* Sources */ = {
			isa = PBXGroup;
			children = (
				8C4520A71F08E159002F0E38 /* HypotheSwift.swift */,
				B0C42FA7207C1D49007707BB /* Function Type */,
				B0C42FA4207C1CF4007707BB /* Arguments */,
				B0C42F9F207C1C0E007707BB /* Constraints */,
				B0C42FA6207C1D0D007707BB /* Test Setup */,
				B0C42FA3207C1CE0007707BB /* Minimizer */,
				B0C42FA5207C1CFD007707BB /* Gen */,
				B0C42FA0207C1C2F007707BB /* Utility */,
				B0265F4F2077223600B6BABE /* Deps */,
				B0C42FAA207C1D84007707BB /* Additional Files */,
			);
			name = Sources;
			path = Sources/HypotheSwift;
			sourceTree = "<group>";
		};
		B0265F4F2077223600B6BABE /* Deps */ = {
			isa = PBXGroup;
			children = (
				B0265F502077233100B6BABE /* Focus */,
			);
			path = Deps;
			sourceTree = "<group>";
		};
		B0265F502077233100B6BABE /* Focus */ = {
			isa = PBXGroup;
			children = (
				B0265F512077233100B6BABE /* IxMultiStore.swift */,
				B0265F522077233100B6BABE /* IxStore.swift */,
				B0265F532077233100B6BABE /* Iso.swift */,
				B0265F542077233100B6BABE /* Setter.swift */,
				B0265F552077233100B6BABE /* Operators.swift */,
				B0265F562077233100B6BABE /* LensOperators.swift */,
				B0265F572077233100B6BABE /* IxState.swift */,
				B0265F582077233100B6BABE /* Protocols.swift */,
				B0265F592077233100B6BABE /* ArrayZipper.swift */,
				B0265F5A2077233100B6BABE /* Prism.swift */,
				B0265F5B2077233100B6BABE /* IxCont.swift */,
				B0265F5C2077233100B6BABE /* Focus.h */,
				B0265F5D2077233100B6BABE /* Lens.swift */,
			);
			path = Focus;
			sourceTree = "<group>";
		};
		B094E4A120740B87005D559E /* HypotheSwiftTests */ = {
			isa = PBXGroup;
			children = (
				B0523850207BB55200C7F336 /* MinimizerTests.swift */,
				B0C42F8B207ADA7D007707BB /* GenTests.swift */,
				B0C42F89207ACB8D007707BB /* FunctionTests.swift */,
				B094E4A220740B87005D559E /* HypotheSwiftTests.swift */,
				B094E4A420740B87005D559E /* Info.plist */,
			);
			path = HypotheSwiftTests;
			sourceTree = "<group>";
		};
		B09BDF3D2073F1D7000F6922 /* Frameworks */ = {
			isa = PBXGroup;
			children = (
				B056CBC42077E8CE000CF005 /* HypotheSwift.framework */,
				B0105E362077D3B7004D5F79 /* RandomKit.framework */,
				B0105E342077D3B7004D5F79 /* ShiftOperations.framework */,
				B0105E352077D3B7004D5F79 /* Threadly.framework */,
				B09BDF492073F7AA000F6922 /* Focus.framework */,
				B09BDF4A2073F7AA000F6922 /* Prelude.framework */,
				B09BDF4B2073F7AA000F6922 /* ReactiveSwift.framework */,
				B09BDF482073F7AA000F6922 /* Result.framework */,
				B09BDF442073F1E0000F6922 /* Result.framework */,
				B09BDF422073F1DC000F6922 /* ReactiveSwift.framework */,
				B09BDF402073F1D9000F6922 /* Prelude.framework */,
				B09BDF3E2073F1D7000F6922 /* Focus.framework */,
			);
			name = Frameworks;
			sourceTree = "<group>";
		};
		B0C42F9F207C1C0E007707BB /* Constraints */ = {
			isa = PBXGroup;
			children = (
				B0A573F72075BB7A004C5FDA /* Constraint.swift */,
				B0C42F96207C1A60007707BB /* SingleArgumentConstraint.swift */,
				B0C42F99207C1AA5007707BB /* MultiArgumentConstraint.swift */,
				B0C42F9C207C1AFB007707BB /* ConstraintMaker.swift */,
			);
			path = Constraints;
			sourceTree = "<group>";
		};
		B0C42FA0207C1C2F007707BB /* Utility */ = {
			isa = PBXGroup;
			children = (
				B0C42FA1207C1C41007707BB /* Global Functions */,
				B0C42FA2207C1C4B007707BB /* Extensions */,
			);
			path = Utility;
			sourceTree = "<group>";
		};
		B0C42FA1207C1C41007707BB /* Global Functions */ = {
			isa = PBXGroup;
			children = (
				B0C42F86207AC984007707BB /* PropertyTestConvenience.swift */,
				B09D57A12077F79100CCF149 /* UtilityFunctions.swift */,
			);
			path = "Global Functions";
			sourceTree = "<group>";
		};
		B0C42FA2207C1C4B007707BB /* Extensions */ = {
			isa = PBXGroup;
			children = (
				B065FB4820753A6B00572691 /* Focus.swift */,
				B056CBC62077EB9E000CF005 /* Boolean+Extensions.swift */,
				B0B4A7A5207BB73900BE8381 /* String+Utilities.swift */,
				B065FB4B20753BF000572691 /* ArrayExtensions.swift */,
			);
			path = Extensions;
			sourceTree = "<group>";
		};
		B0C42FA3207C1CE0007707BB /* Minimizer */ = {
			isa = PBXGroup;
			children = (
				B0C42F8D207AEB90007707BB /* Minimizer.swift */,
			);
			path = Minimizer;
			sourceTree = "<group>";
		};
		B0C42FA4207C1CF4007707BB /* Arguments */ = {
			isa = PBXGroup;
			children = (
				B09D57A72077F8D600CCF149 /* ArgumentType.swift */,
				B09D57A42077F80500CCF149 /* Arguments.swift */,
			);
			path = Arguments;
			sourceTree = "<group>";
		};
		B0C42FA5207C1CFD007707BB /* Gen */ = {
			isa = PBXGroup;
			children = (
				B0105E202077C6D6004D5F79 /* Gen.swift */,
			);
			path = Gen;
			sourceTree = "<group>";
		};
		B0C42FA6207C1D0D007707BB /* Test Setup */ = {
			isa = PBXGroup;
			children = (
				B0C42F93207C1665007707BB /* TestConfig.swift */,
				B0C42F90207C15EC007707BB /* RunnablePropertyTest.swift */,
				B09BDF502073FD4C000F6922 /* PropertyTest.swift */,
			);
			path = "Test Setup";
			sourceTree = "<group>";
		};
		B0C42FA7207C1D49007707BB /* Function Type */ = {
			isa = PBXGroup;
			children = (
				B09BDF532073FE46000F6922 /* Function.swift */,
			);
			path = "Function Type";
			sourceTree = "<group>";
		};
		B0C42FAA207C1D84007707BB /* Additional Files */ = {
			isa = PBXGroup;
			children = (
				8C0968A91ED8D80300CC19F2 /* Info-iOS.plist */,
				8C0968AA1ED8D80300CC19F2 /* Info-macOS.plist */,
				8C0968AB1ED8D80300CC19F2 /* Info-tvOS.plist */,
				8C0968AC1ED8D80300CC19F2 /* Info-watchOS.plist */,
				8C5A76751ED95A50004F87A2 /* HypotheSwift.h */,
				8C800AF41F3B56FF00880A95 /* README.md */,
			);
			path = "Additional Files";
			sourceTree = "<group>";
		};
/* End PBXGroup section */

/* Begin PBXHeadersBuildPhase section */
		8C0968751ED8C64500CC19F2 /* Headers */ = {
			isa = PBXHeadersBuildPhase;
			buildActionMask = 2147483647;
			files = (
				8C5A76761ED95A50004F87A2 /* HypotheSwift.h in Headers */,
				B0265F742077233100B6BABE /* Focus.h in Headers */,
			);
			runOnlyForDeploymentPostprocessing = 0;
		};
		8C09689D1ED8CE5500CC19F2 /* Headers */ = {
			isa = PBXHeadersBuildPhase;
			buildActionMask = 2147483647;
			files = (
				8C5A76791ED95B67004F87A2 /* HypotheSwift.h in Headers */,
				B0265F752077233100B6BABE /* Focus.h in Headers */,
			);
			runOnlyForDeploymentPostprocessing = 0;
		};
/* End PBXHeadersBuildPhase section */

/* Begin PBXNativeTarget section */
		8C0968771ED8C64500CC19F2 /* HypotheSwift iOS */ = {
			isa = PBXNativeTarget;
			buildConfigurationList = 8C09687E1ED8C64600CC19F2 /* Build configuration list for PBXNativeTarget "HypotheSwift iOS" */;
			buildPhases = (
				8C0968731ED8C64500CC19F2 /* Sources */,
				8C0968741ED8C64500CC19F2 /* Frameworks */,
				8C0968751ED8C64500CC19F2 /* Headers */,
				8C0968761ED8C64500CC19F2 /* Resources */,
			);
			buildRules = (
			);
			dependencies = (
			);
			name = "HypotheSwift iOS";
			productName = "HypotheSwift iOS";
			productReference = 8C0968781ED8C64500CC19F2 /* HypotheSwift.framework */;
			productType = "com.apple.product-type.framework";
		};
		8C09689F1ED8CE5500CC19F2 /* HypotheSwift macOS */ = {
			isa = PBXNativeTarget;
			buildConfigurationList = 8C0968A51ED8CE5500CC19F2 /* Build configuration list for PBXNativeTarget "HypotheSwift macOS" */;
			buildPhases = (
				8C09689B1ED8CE5500CC19F2 /* Sources */,
				8C09689C1ED8CE5500CC19F2 /* Frameworks */,
				8C09689D1ED8CE5500CC19F2 /* Headers */,
				8C09689E1ED8CE5500CC19F2 /* Resources */,
				B0265F262077211900B6BABE /* Carthage Copy */,
			);
			buildRules = (
			);
			dependencies = (
			);
			name = "HypotheSwift macOS";
			productName = "HypotheSwift macOS";
			productReference = 8C0968A01ED8CE5500CC19F2 /* HypotheSwift.framework */;
			productType = "com.apple.product-type.framework";
		};
		B094E49F20740B87005D559E /* HypotheSwiftTests */ = {
			isa = PBXNativeTarget;
			buildConfigurationList = B094E4AA20740B87005D559E /* Build configuration list for PBXNativeTarget "HypotheSwiftTests" */;
			buildPhases = (
				B094E49C20740B87005D559E /* Sources */,
				B094E49D20740B87005D559E /* Frameworks */,
				B094E49E20740B87005D559E /* Resources */,
				B0265F25207700CC00B6BABE /* Carthage Copy */,
			);
			buildRules = (
			);
			dependencies = (
				B094E4A720740B87005D559E /* PBXTargetDependency */,
			);
			name = HypotheSwiftTests;
			productName = HypotheSwiftTests;
			productReference = B094E4A020740B87005D559E /* HypotheSwiftTests.xctest */;
			productType = "com.apple.product-type.bundle.unit-test";
		};
/* End PBXNativeTarget section */

/* Begin PBXProject section */
		8C09686D1ED8C3A200CC19F2 /* Project object */ = {
			isa = PBXProject;
			attributes = {
				LastSwiftUpdateCheck = 0930;
				LastUpgradeCheck = 0930;
				TargetAttributes = {
					8C0968771ED8C64500CC19F2 = {
						CreatedOnToolsVersion = 8.3.2;
						DevelopmentTeam = VAMN295L7W;
						LastSwiftMigration = 0900;
						ProvisioningStyle = Automatic;
					};
					8C09689F1ED8CE5500CC19F2 = {
						CreatedOnToolsVersion = 8.3.2;
						DevelopmentTeam = VAMN295L7W;
						LastSwiftMigration = 0900;
						ProvisioningStyle = Automatic;
					};
					B094E49F20740B87005D559E = {
						CreatedOnToolsVersion = 9.3;
						DevelopmentTeam = VAMN295L7W;
						ProvisioningStyle = Automatic;
					};
				};
			};
			buildConfigurationList = 8C0968701ED8C3A200CC19F2 /* Build configuration list for PBXProject "HypotheSwift" */;
			compatibilityVersion = "Xcode 3.2";
			developmentRegion = English;
			hasScannedForEncodings = 0;
			knownRegions = (
				en,
			);
			mainGroup = 8C09686C1ED8C3A200CC19F2;
			productRefGroup = 8C0968791ED8C64500CC19F2 /* Products */;
			projectDirPath = "";
			projectRoot = "";
			targets = (
				8C0968771ED8C64500CC19F2 /* HypotheSwift iOS */,
				8C09689F1ED8CE5500CC19F2 /* HypotheSwift macOS */,
				B094E49F20740B87005D559E /* HypotheSwiftTests */,
			);
		};
/* End PBXProject section */

/* Begin PBXResourcesBuildPhase section */
		8C0968761ED8C64500CC19F2 /* Resources */ = {
			isa = PBXResourcesBuildPhase;
			buildActionMask = 2147483647;
			files = (
			);
			runOnlyForDeploymentPostprocessing = 0;
		};
		8C09689E1ED8CE5500CC19F2 /* Resources */ = {
			isa = PBXResourcesBuildPhase;
			buildActionMask = 2147483647;
			files = (
			);
			runOnlyForDeploymentPostprocessing = 0;
		};
		B094E49E20740B87005D559E /* Resources */ = {
			isa = PBXResourcesBuildPhase;
			buildActionMask = 2147483647;
			files = (
			);
			runOnlyForDeploymentPostprocessing = 0;
		};
/* End PBXResourcesBuildPhase section */

/* Begin PBXShellScriptBuildPhase section */
		B0265F25207700CC00B6BABE /* Carthage Copy */ = {
			isa = PBXShellScriptBuildPhase;
			buildActionMask = 2147483647;
			files = (
			);
			inputPaths = (
				"$(SRCROOT)/Carthage/Build/Mac/Result.framework",
				"$(SRCROOT)/Carthage/Build/Mac/Prelude.framework",
				"$(SRCROOT)/Carthage/Build/Mac/RandomKit.framework",
				"$(SRCROOT)/Carthage/Build/Mac/Threadly.framework",
				"$(SRCROOT)/Carthage/Build/Mac/ShiftOperations.framework",
			);
			name = "Carthage Copy";
			outputPaths = (
				"$(BUILT_PRODUCTS_DIR)/$(FRAMEWORKS_FOLDER_PATH)/Result.framework",
				"$(BUILT_PRODUCTS_DIR)/$(FRAMEWORKS_FOLDER_PATH)/Prelude.framework",
				"$(BUILT_PRODUCTS_DIR)/$(FRAMEWORKS_FOLDER_PATH)/RandomKit.framework",
				"$(BUILT_PRODUCTS_DIR)/$(FRAMEWORKS_FOLDER_PATH)/Threadly.framework",
				"$(BUILT_PRODUCTS_DIR)/$(FRAMEWORKS_FOLDER_PATH)/ShiftOperations.framework",
			);
			runOnlyForDeploymentPostprocessing = 0;
			shellPath = /bin/sh;
			shellScript = "/usr/local/bin/carthage copy-frameworks";
		};
		B0265F262077211900B6BABE /* Carthage Copy */ = {
			isa = PBXShellScriptBuildPhase;
			buildActionMask = 2147483647;
			files = (
			);
			inputPaths = (
				"$(SRCROOT)/Carthage/Build/Mac/Result.framework",
				"$(SRCROOT)/Carthage/Build/Mac/Prelude.framework",
				"$(SRCROOT)/Carthage/Build/Mac/Threadly.framework",
				"$(SRCROOT)/Carthage/Build/Mac/ShiftOperations.framework",
				"$(SRCROOT)/Carthage/Build/Mac/RandomKit.framework",
			);
			name = "Carthage Copy";
			outputPaths = (
				"$(BUILT_PRODUCTS_DIR)/$(FRAMEWORKS_FOLDER_PATH)/Result.framework",
				"$(BUILT_PRODUCTS_DIR)/$(FRAMEWORKS_FOLDER_PATH)/Prelude.framework",
				"$(BUILT_PRODUCTS_DIR)/$(FRAMEWORKS_FOLDER_PATH)/Threadly.framework",
				"$(BUILT_PRODUCTS_DIR)/$(FRAMEWORKS_FOLDER_PATH)/ShiftOperations.framework",
				"$(DERIVED_FILE_DIR)/$(BUILT_PRODUCTS_DIR)/$(FRAMEWORKS_FOLDER_PATH)/RandomKit.framework",
			);
			runOnlyForDeploymentPostprocessing = 0;
			shellPath = /bin/sh;
			shellScript = "/usr/local/bin/carthage copy-frameworks";
		};
/* End PBXShellScriptBuildPhase section */

/* Begin PBXSourcesBuildPhase section */
		8C0968731ED8C64500CC19F2 /* Sources */ = {
			isa = PBXSourcesBuildPhase;
			buildActionMask = 2147483647;
			files = (
				B0A573F82075BB7A004C5FDA /* Constraint.swift in Sources */,
				B0265F702077233100B6BABE /* Prism.swift in Sources */,
				B0C42F87207AC984007707BB /* PropertyTestConvenience.swift in Sources */,
				B0265F5E2077233100B6BABE /* IxMultiStore.swift in Sources */,
				B0265F6A2077233100B6BABE /* IxState.swift in Sources */,
				B0C42F9A207C1AA5007707BB /* MultiArgumentConstraint.swift in Sources */,
				B0265F642077233100B6BABE /* Setter.swift in Sources */,
				B09BDF512073FD4C000F6922 /* PropertyTest.swift in Sources */,
				B0C42F9D207C1AFB007707BB /* ConstraintMaker.swift in Sources */,
				B0105E212077C6D6004D5F79 /* Gen.swift in Sources */,
				B065FB4C20753BF000572691 /* ArrayExtensions.swift in Sources */,
				B0C42F97207C1A60007707BB /* SingleArgumentConstraint.swift in Sources */,
				B09BDF542073FE46000F6922 /* Function.swift in Sources */,
				B0265F662077233100B6BABE /* Operators.swift in Sources */,
				B09D57A52077F80500CCF149 /* Arguments.swift in Sources */,
				B0265F682077233100B6BABE /* LensOperators.swift in Sources */,
				B0C42F94207C1665007707BB /* TestConfig.swift in Sources */,
				B0265F6C2077233100B6BABE /* Protocols.swift in Sources */,
				B09D57A22077F79100CCF149 /* UtilityFunctions.swift in Sources */,
				B0265F762077233100B6BABE /* Lens.swift in Sources */,
				B0B4A7A6207BB73900BE8381 /* String+Utilities.swift in Sources */,
				B0C42F91207C15EC007707BB /* RunnablePropertyTest.swift in Sources */,
				B065FB4920753A6B00572691 /* Focus.swift in Sources */,
				B0C42F8E207AEB90007707BB /* Minimizer.swift in Sources */,
				B09D57A82077F8D600CCF149 /* ArgumentType.swift in Sources */,
				B056CBC72077EB9E000CF005 /* Boolean+Extensions.swift in Sources */,
				B0265F622077233100B6BABE /* Iso.swift in Sources */,
				B0265F722077233100B6BABE /* IxCont.swift in Sources */,
				B0265F602077233100B6BABE /* IxStore.swift in Sources */,
				8C4520A81F08E159002F0E38 /* HypotheSwift.swift in Sources */,
				B0265F6E2077233100B6BABE /* ArrayZipper.swift in Sources */,
			);
			runOnlyForDeploymentPostprocessing = 0;
		};
		8C09689B1ED8CE5500CC19F2 /* Sources */ = {
			isa = PBXSourcesBuildPhase;
			buildActionMask = 2147483647;
			files = (
				B0A573F92075BB7A004C5FDA /* Constraint.swift in Sources */,
				B0265F712077233100B6BABE /* Prism.swift in Sources */,
				B0C42F88207AC984007707BB /* PropertyTestConvenience.swift in Sources */,
				B0265F5F2077233100B6BABE /* IxMultiStore.swift in Sources */,
				B0265F6B2077233100B6BABE /* IxState.swift in Sources */,
				B0C42F9B207C1AA5007707BB /* MultiArgumentConstraint.swift in Sources */,
				B0265F652077233100B6BABE /* Setter.swift in Sources */,
				B09BDF522073FD4C000F6922 /* PropertyTest.swift in Sources */,
				B0C42F9E207C1AFB007707BB /* ConstraintMaker.swift in Sources */,
				B0105E222077C9DB004D5F79 /* Gen.swift in Sources */,
				B065FB4D20753BF000572691 /* ArrayExtensions.swift in Sources */,
				B0C42F98207C1A60007707BB /* SingleArgumentConstraint.swift in Sources */,
				B09BDF552073FE46000F6922 /* Function.swift in Sources */,
				B0265F672077233100B6BABE /* Operators.swift in Sources */,
				B09D57A62077F80500CCF149 /* Arguments.swift in Sources */,
				B0265F692077233100B6BABE /* LensOperators.swift in Sources */,
				B0C42F95207C1665007707BB /* TestConfig.swift in Sources */,
				B0265F6D2077233100B6BABE /* Protocols.swift in Sources */,
				B09D57A32077F79100CCF149 /* UtilityFunctions.swift in Sources */,
				B0265F772077233100B6BABE /* Lens.swift in Sources */,
				B0B4A7A7207BB73900BE8381 /* String+Utilities.swift in Sources */,
				B0C42F92207C15F1007707BB /* RunnablePropertyTest.swift in Sources */,
				B065FB4A20753A6B00572691 /* Focus.swift in Sources */,
				B0C42F8F207AEB90007707BB /* Minimizer.swift in Sources */,
				B09D57A92077F8D600CCF149 /* ArgumentType.swift in Sources */,
				B056CBC82077EB9E000CF005 /* Boolean+Extensions.swift in Sources */,
				B0265F632077233100B6BABE /* Iso.swift in Sources */,
				B0265F732077233100B6BABE /* IxCont.swift in Sources */,
				B0265F612077233100B6BABE /* IxStore.swift in Sources */,
				8C4520AB1F08E159002F0E38 /* HypotheSwift.swift in Sources */,
				B0265F6F2077233100B6BABE /* ArrayZipper.swift in Sources */,
			);
			runOnlyForDeploymentPostprocessing = 0;
		};
		B094E49C20740B87005D559E /* Sources */ = {
			isa = PBXSourcesBuildPhase;
			buildActionMask = 2147483647;
			files = (
				B094E4A320740B87005D559E /* HypotheSwiftTests.swift in Sources */,
				B0C42F8A207ACB8D007707BB /* FunctionTests.swift in Sources */,
				B0523851207BB55200C7F336 /* MinimizerTests.swift in Sources */,
				B0C42F8C207ADA7D007707BB /* GenTests.swift in Sources */,
			);
			runOnlyForDeploymentPostprocessing = 0;
		};
/* End PBXSourcesBuildPhase section */

/* Begin PBXTargetDependency section */
		B094E4A720740B87005D559E /* PBXTargetDependency */ = {
			isa = PBXTargetDependency;
			target = 8C09689F1ED8CE5500CC19F2 /* HypotheSwift macOS */;
			targetProxy = B094E4A620740B87005D559E /* PBXContainerItemProxy */;
		};
/* End PBXTargetDependency section */

/* Begin XCBuildConfiguration section */
		8C0968711ED8C3A200CC19F2 /* Debug */ = {
			isa = XCBuildConfiguration;
			buildSettings = {
				CLANG_WARN_BLOCK_CAPTURE_AUTORELEASING = YES;
				CLANG_WARN_BOOL_CONVERSION = YES;
				CLANG_WARN_COMMA = YES;
				CLANG_WARN_CONSTANT_CONVERSION = YES;
				CLANG_WARN_DEPRECATED_OBJC_IMPLEMENTATIONS = YES;
				CLANG_WARN_EMPTY_BODY = YES;
				CLANG_WARN_ENUM_CONVERSION = YES;
				CLANG_WARN_INFINITE_RECURSION = YES;
				CLANG_WARN_INT_CONVERSION = YES;
				CLANG_WARN_NON_LITERAL_NULL_CONVERSION = YES;
				CLANG_WARN_OBJC_IMPLICIT_RETAIN_SELF = YES;
				CLANG_WARN_OBJC_LITERAL_CONVERSION = YES;
				CLANG_WARN_RANGE_LOOP_ANALYSIS = YES;
				CLANG_WARN_STRICT_PROTOTYPES = YES;
				CLANG_WARN_SUSPICIOUS_MOVE = YES;
				CLANG_WARN_UNREACHABLE_CODE = YES;
				CLANG_WARN__DUPLICATE_METHOD_MATCH = YES;
				ENABLE_STRICT_OBJC_MSGSEND = YES;
				ENABLE_TESTABILITY = YES;
				GCC_NO_COMMON_BLOCKS = YES;
				GCC_WARN_64_TO_32_BIT_CONVERSION = YES;
				GCC_WARN_ABOUT_RETURN_TYPE = YES;
				GCC_WARN_UNDECLARED_SELECTOR = YES;
				GCC_WARN_UNINITIALIZED_AUTOS = YES;
				GCC_WARN_UNUSED_FUNCTION = YES;
				GCC_WARN_UNUSED_VARIABLE = YES;
				ONLY_ACTIVE_ARCH = YES;
				PRODUCT_NAME = "$(PROJECT_NAME)";
				SWIFT_VERSION = 4.0;
			};
			name = Debug;
		};
		8C0968721ED8C3A200CC19F2 /* Release */ = {
			isa = XCBuildConfiguration;
			buildSettings = {
				CLANG_WARN_BLOCK_CAPTURE_AUTORELEASING = YES;
				CLANG_WARN_BOOL_CONVERSION = YES;
				CLANG_WARN_COMMA = YES;
				CLANG_WARN_CONSTANT_CONVERSION = YES;
				CLANG_WARN_DEPRECATED_OBJC_IMPLEMENTATIONS = YES;
				CLANG_WARN_EMPTY_BODY = YES;
				CLANG_WARN_ENUM_CONVERSION = YES;
				CLANG_WARN_INFINITE_RECURSION = YES;
				CLANG_WARN_INT_CONVERSION = YES;
				CLANG_WARN_NON_LITERAL_NULL_CONVERSION = YES;
				CLANG_WARN_OBJC_IMPLICIT_RETAIN_SELF = YES;
				CLANG_WARN_OBJC_LITERAL_CONVERSION = YES;
				CLANG_WARN_RANGE_LOOP_ANALYSIS = YES;
				CLANG_WARN_STRICT_PROTOTYPES = YES;
				CLANG_WARN_SUSPICIOUS_MOVE = YES;
				CLANG_WARN_UNREACHABLE_CODE = YES;
				CLANG_WARN__DUPLICATE_METHOD_MATCH = YES;
				ENABLE_STRICT_OBJC_MSGSEND = YES;
				GCC_NO_COMMON_BLOCKS = YES;
				GCC_WARN_64_TO_32_BIT_CONVERSION = YES;
				GCC_WARN_ABOUT_RETURN_TYPE = YES;
				GCC_WARN_UNDECLARED_SELECTOR = YES;
				GCC_WARN_UNINITIALIZED_AUTOS = YES;
				GCC_WARN_UNUSED_FUNCTION = YES;
				GCC_WARN_UNUSED_VARIABLE = YES;
				PRODUCT_NAME = "$(PROJECT_NAME)";
				SWIFT_VERSION = 4.0;
			};
			name = Release;
		};
		8C09687F1ED8C64600CC19F2 /* Debug */ = {
			isa = XCBuildConfiguration;
			buildSettings = {
				ALWAYS_SEARCH_USER_PATHS = NO;
				CLANG_ANALYZER_NONNULL = YES;
				CLANG_ANALYZER_NUMBER_OBJECT_CONVERSION = YES_AGGRESSIVE;
				CLANG_CXX_LANGUAGE_STANDARD = "gnu++0x";
				CLANG_CXX_LIBRARY = "libc++";
				CLANG_ENABLE_MODULES = YES;
				CLANG_ENABLE_OBJC_ARC = YES;
				CLANG_WARN_BOOL_CONVERSION = YES;
				CLANG_WARN_CONSTANT_CONVERSION = YES;
				CLANG_WARN_DIRECT_OBJC_ISA_USAGE = YES_ERROR;
				CLANG_WARN_DOCUMENTATION_COMMENTS = YES;
				CLANG_WARN_EMPTY_BODY = YES;
				CLANG_WARN_ENUM_CONVERSION = YES;
				CLANG_WARN_INFINITE_RECURSION = YES;
				CLANG_WARN_INT_CONVERSION = YES;
				CLANG_WARN_OBJC_ROOT_CLASS = YES_ERROR;
				CLANG_WARN_SUSPICIOUS_MOVE = YES;
				CLANG_WARN_UNREACHABLE_CODE = YES;
				CLANG_WARN__DUPLICATE_METHOD_MATCH = YES;
				CODE_SIGN_IDENTITY = "";
				"CODE_SIGN_IDENTITY[sdk=iphoneos*]" = "iPhone Developer";
				COPY_PHASE_STRIP = NO;
				CURRENT_PROJECT_VERSION = 1;
				DEBUG_INFORMATION_FORMAT = dwarf;
				DEFINES_MODULE = YES;
				DEVELOPMENT_TEAM = VAMN295L7W;
				DYLIB_COMPATIBILITY_VERSION = 1;
				DYLIB_CURRENT_VERSION = 1;
				DYLIB_INSTALL_NAME_BASE = "@rpath";
				ENABLE_STRICT_OBJC_MSGSEND = YES;
				ENABLE_TESTABILITY = YES;
				FRAMEWORK_SEARCH_PATHS = (
					"$(inherited)",
					"$(PROJECT_DIR)/Carthage/Build/Mac",
				);
				GCC_C_LANGUAGE_STANDARD = gnu99;
				GCC_DYNAMIC_NO_PIC = NO;
				GCC_NO_COMMON_BLOCKS = YES;
				GCC_OPTIMIZATION_LEVEL = 0;
				GCC_PREPROCESSOR_DEFINITIONS = (
					"DEBUG=1",
					"$(inherited)",
				);
				GCC_WARN_64_TO_32_BIT_CONVERSION = YES;
				GCC_WARN_ABOUT_RETURN_TYPE = YES_ERROR;
				GCC_WARN_UNDECLARED_SELECTOR = YES;
				GCC_WARN_UNINITIALIZED_AUTOS = YES_AGGRESSIVE;
				GCC_WARN_UNUSED_FUNCTION = YES;
				GCC_WARN_UNUSED_VARIABLE = YES;
				INFOPLIST_FILE = "Sources/Additional Files/info-iOS.plist";
				INSTALL_PATH = "$(LOCAL_LIBRARY_DIR)/Frameworks";
				IPHONEOS_DEPLOYMENT_TARGET = 10.3;
				LD_RUNPATH_SEARCH_PATHS = "$(inherited) @executable_path/Frameworks @loader_path/Frameworks";
				MTL_ENABLE_DEBUG_INFO = YES;
				ONLY_ACTIVE_ARCH = YES;
				PRODUCT_BUNDLE_IDENTIFIER = com.johndoe.HypotheSwift;
				SDKROOT = iphoneos;
				SKIP_INSTALL = YES;
				SWIFT_ACTIVE_COMPILATION_CONDITIONS = DEBUG;
				SWIFT_OPTIMIZATION_LEVEL = "-Onone";
				SWIFT_VERSION = 3.0;
				TARGETED_DEVICE_FAMILY = "1,2";
				VERSIONING_SYSTEM = "apple-generic";
				VERSION_INFO_PREFIX = "";
			};
			name = Debug;
		};
		8C0968801ED8C64600CC19F2 /* Release */ = {
			isa = XCBuildConfiguration;
			buildSettings = {
				ALWAYS_SEARCH_USER_PATHS = NO;
				CLANG_ANALYZER_NONNULL = YES;
				CLANG_ANALYZER_NUMBER_OBJECT_CONVERSION = YES_AGGRESSIVE;
				CLANG_CXX_LANGUAGE_STANDARD = "gnu++0x";
				CLANG_CXX_LIBRARY = "libc++";
				CLANG_ENABLE_MODULES = YES;
				CLANG_ENABLE_OBJC_ARC = YES;
				CLANG_WARN_BOOL_CONVERSION = YES;
				CLANG_WARN_CONSTANT_CONVERSION = YES;
				CLANG_WARN_DIRECT_OBJC_ISA_USAGE = YES_ERROR;
				CLANG_WARN_DOCUMENTATION_COMMENTS = YES;
				CLANG_WARN_EMPTY_BODY = YES;
				CLANG_WARN_ENUM_CONVERSION = YES;
				CLANG_WARN_INFINITE_RECURSION = YES;
				CLANG_WARN_INT_CONVERSION = YES;
				CLANG_WARN_OBJC_ROOT_CLASS = YES_ERROR;
				CLANG_WARN_SUSPICIOUS_MOVE = YES;
				CLANG_WARN_UNREACHABLE_CODE = YES;
				CLANG_WARN__DUPLICATE_METHOD_MATCH = YES;
				CODE_SIGN_IDENTITY = "";
				"CODE_SIGN_IDENTITY[sdk=iphoneos*]" = "iPhone Developer";
				COPY_PHASE_STRIP = NO;
				CURRENT_PROJECT_VERSION = 1;
				DEBUG_INFORMATION_FORMAT = "dwarf-with-dsym";
				DEFINES_MODULE = YES;
				DEVELOPMENT_TEAM = VAMN295L7W;
				DYLIB_COMPATIBILITY_VERSION = 1;
				DYLIB_CURRENT_VERSION = 1;
				DYLIB_INSTALL_NAME_BASE = "@rpath";
				ENABLE_NS_ASSERTIONS = NO;
				ENABLE_STRICT_OBJC_MSGSEND = YES;
				FRAMEWORK_SEARCH_PATHS = (
					"$(inherited)",
					"$(PROJECT_DIR)/Carthage/Build/Mac",
				);
				GCC_C_LANGUAGE_STANDARD = gnu99;
				GCC_NO_COMMON_BLOCKS = YES;
				GCC_WARN_64_TO_32_BIT_CONVERSION = YES;
				GCC_WARN_ABOUT_RETURN_TYPE = YES_ERROR;
				GCC_WARN_UNDECLARED_SELECTOR = YES;
				GCC_WARN_UNINITIALIZED_AUTOS = YES_AGGRESSIVE;
				GCC_WARN_UNUSED_FUNCTION = YES;
				GCC_WARN_UNUSED_VARIABLE = YES;
				INFOPLIST_FILE = "Sources/Additional Files/info-iOS.plist";
				INSTALL_PATH = "$(LOCAL_LIBRARY_DIR)/Frameworks";
				IPHONEOS_DEPLOYMENT_TARGET = 10.3;
				LD_RUNPATH_SEARCH_PATHS = "$(inherited) @executable_path/Frameworks @loader_path/Frameworks";
				MTL_ENABLE_DEBUG_INFO = NO;
				PRODUCT_BUNDLE_IDENTIFIER = com.johndoe.HypotheSwift;
				SDKROOT = iphoneos;
				SKIP_INSTALL = YES;
				SWIFT_OPTIMIZATION_LEVEL = "-Owholemodule";
				SWIFT_VERSION = 3.0;
				TARGETED_DEVICE_FAMILY = "1,2";
				VALIDATE_PRODUCT = YES;
				VERSIONING_SYSTEM = "apple-generic";
				VERSION_INFO_PREFIX = "";
			};
			name = Release;
		};
		8C0968A61ED8CE5500CC19F2 /* Debug */ = {
			isa = XCBuildConfiguration;
			buildSettings = {
				ALWAYS_SEARCH_USER_PATHS = NO;
				CLANG_ANALYZER_NONNULL = YES;
				CLANG_ANALYZER_NUMBER_OBJECT_CONVERSION = YES_AGGRESSIVE;
				CLANG_CXX_LANGUAGE_STANDARD = "gnu++0x";
				CLANG_CXX_LIBRARY = "libc++";
				CLANG_ENABLE_MODULES = YES;
				CLANG_ENABLE_OBJC_ARC = YES;
				CLANG_WARN_BOOL_CONVERSION = YES;
				CLANG_WARN_CONSTANT_CONVERSION = YES;
				CLANG_WARN_DIRECT_OBJC_ISA_USAGE = YES_ERROR;
				CLANG_WARN_DOCUMENTATION_COMMENTS = YES;
				CLANG_WARN_EMPTY_BODY = YES;
				CLANG_WARN_ENUM_CONVERSION = YES;
				CLANG_WARN_INFINITE_RECURSION = YES;
				CLANG_WARN_INT_CONVERSION = YES;
				CLANG_WARN_OBJC_ROOT_CLASS = YES_ERROR;
				CLANG_WARN_SUSPICIOUS_MOVE = YES;
				CLANG_WARN_UNREACHABLE_CODE = YES;
				CLANG_WARN__DUPLICATE_METHOD_MATCH = YES;
				CODE_SIGN_IDENTITY = "";
				COMBINE_HIDPI_IMAGES = YES;
				COPY_PHASE_STRIP = NO;
				CURRENT_PROJECT_VERSION = 1;
				DEBUG_INFORMATION_FORMAT = dwarf;
				DEFINES_MODULE = YES;
				DEVELOPMENT_TEAM = VAMN295L7W;
				DYLIB_COMPATIBILITY_VERSION = 1;
				DYLIB_CURRENT_VERSION = 1;
				DYLIB_INSTALL_NAME_BASE = "@rpath";
				ENABLE_STRICT_OBJC_MSGSEND = YES;
				ENABLE_TESTABILITY = YES;
				FRAMEWORK_SEARCH_PATHS = (
					"$(inherited)",
					"$(PROJECT_DIR)/Carthage/Build/Mac",
				);
				FRAMEWORK_VERSION = A;
				GCC_C_LANGUAGE_STANDARD = gnu99;
				GCC_DYNAMIC_NO_PIC = NO;
				GCC_NO_COMMON_BLOCKS = YES;
				GCC_OPTIMIZATION_LEVEL = 0;
				GCC_PREPROCESSOR_DEFINITIONS = (
					"DEBUG=1",
					"$(inherited)",
				);
				GCC_WARN_64_TO_32_BIT_CONVERSION = YES;
				GCC_WARN_ABOUT_RETURN_TYPE = YES_ERROR;
				GCC_WARN_UNDECLARED_SELECTOR = YES;
				GCC_WARN_UNINITIALIZED_AUTOS = YES_AGGRESSIVE;
				GCC_WARN_UNUSED_FUNCTION = YES;
				GCC_WARN_UNUSED_VARIABLE = YES;
				INFOPLIST_FILE = "$(SRCROOT)/Sources/HypotheSwift/Additional Files/Info-macOS.plist";
				INSTALL_PATH = "$(LOCAL_LIBRARY_DIR)/Frameworks";
				LD_RUNPATH_SEARCH_PATHS = "$(inherited) @executable_path/../Frameworks @loader_path/Frameworks";
				MACOSX_DEPLOYMENT_TARGET = 10.12;
				MTL_ENABLE_DEBUG_INFO = YES;
				ONLY_ACTIVE_ARCH = YES;
				PRODUCT_BUNDLE_IDENTIFIER = ca.alexpopov.HypotheSwift;
				SDKROOT = macosx;
				SKIP_INSTALL = YES;
				SWIFT_ACTIVE_COMPILATION_CONDITIONS = DEBUG;
				SWIFT_OPTIMIZATION_LEVEL = "-Onone";
				SWIFT_VERSION = 3.0;
				VERSIONING_SYSTEM = "apple-generic";
				VERSION_INFO_PREFIX = "";
			};
			name = Debug;
		};
		8C0968A71ED8CE5500CC19F2 /* Release */ = {
			isa = XCBuildConfiguration;
			buildSettings = {
				ALWAYS_SEARCH_USER_PATHS = NO;
				CLANG_ANALYZER_NONNULL = YES;
				CLANG_ANALYZER_NUMBER_OBJECT_CONVERSION = YES_AGGRESSIVE;
				CLANG_CXX_LANGUAGE_STANDARD = "gnu++0x";
				CLANG_CXX_LIBRARY = "libc++";
				CLANG_ENABLE_MODULES = YES;
				CLANG_ENABLE_OBJC_ARC = YES;
				CLANG_WARN_BOOL_CONVERSION = YES;
				CLANG_WARN_CONSTANT_CONVERSION = YES;
				CLANG_WARN_DIRECT_OBJC_ISA_USAGE = YES_ERROR;
				CLANG_WARN_DOCUMENTATION_COMMENTS = YES;
				CLANG_WARN_EMPTY_BODY = YES;
				CLANG_WARN_ENUM_CONVERSION = YES;
				CLANG_WARN_INFINITE_RECURSION = YES;
				CLANG_WARN_INT_CONVERSION = YES;
				CLANG_WARN_OBJC_ROOT_CLASS = YES_ERROR;
				CLANG_WARN_SUSPICIOUS_MOVE = YES;
				CLANG_WARN_UNREACHABLE_CODE = YES;
				CLANG_WARN__DUPLICATE_METHOD_MATCH = YES;
				CODE_SIGN_IDENTITY = "-";
				COMBINE_HIDPI_IMAGES = YES;
				COPY_PHASE_STRIP = NO;
				CURRENT_PROJECT_VERSION = 1;
				DEBUG_INFORMATION_FORMAT = "dwarf-with-dsym";
				DEFINES_MODULE = YES;
				DEVELOPMENT_TEAM = VAMN295L7W;
				DYLIB_COMPATIBILITY_VERSION = 1;
				DYLIB_CURRENT_VERSION = 1;
				DYLIB_INSTALL_NAME_BASE = "@rpath";
				ENABLE_NS_ASSERTIONS = NO;
				ENABLE_STRICT_OBJC_MSGSEND = YES;
				FRAMEWORK_SEARCH_PATHS = (
					"$(inherited)",
					"$(PROJECT_DIR)/Carthage/Build/Mac",
				);
				FRAMEWORK_VERSION = A;
				GCC_C_LANGUAGE_STANDARD = gnu99;
				GCC_NO_COMMON_BLOCKS = YES;
				GCC_WARN_64_TO_32_BIT_CONVERSION = YES;
				GCC_WARN_ABOUT_RETURN_TYPE = YES_ERROR;
				GCC_WARN_UNDECLARED_SELECTOR = YES;
				GCC_WARN_UNINITIALIZED_AUTOS = YES_AGGRESSIVE;
				GCC_WARN_UNUSED_FUNCTION = YES;
				GCC_WARN_UNUSED_VARIABLE = YES;
				INFOPLIST_FILE = "$(SRCROOT)/Sources/HypotheSwift/Additional Files/Info-macOS.plist";
				INSTALL_PATH = "$(LOCAL_LIBRARY_DIR)/Frameworks";
				LD_RUNPATH_SEARCH_PATHS = "$(inherited) @executable_path/../Frameworks @loader_path/Frameworks";
				MACOSX_DEPLOYMENT_TARGET = 10.12;
				MTL_ENABLE_DEBUG_INFO = NO;
				PRODUCT_BUNDLE_IDENTIFIER = ca.alexpopov.HypotheSwift;
				SDKROOT = macosx;
				SKIP_INSTALL = YES;
				SWIFT_OPTIMIZATION_LEVEL = "-Owholemodule";
				SWIFT_VERSION = 3.0;
				VERSIONING_SYSTEM = "apple-generic";
				VERSION_INFO_PREFIX = "";
			};
			name = Release;
		};
		B094E4A820740B87005D559E /* Debug */ = {
			isa = XCBuildConfiguration;
			buildSettings = {
				ALWAYS_SEARCH_USER_PATHS = NO;
				CLANG_ANALYZER_NONNULL = YES;
				CLANG_ANALYZER_NUMBER_OBJECT_CONVERSION = YES_AGGRESSIVE;
				CLANG_CXX_LANGUAGE_STANDARD = "gnu++14";
				CLANG_CXX_LIBRARY = "libc++";
				CLANG_ENABLE_MODULES = YES;
				CLANG_ENABLE_OBJC_ARC = YES;
				CLANG_ENABLE_OBJC_WEAK = YES;
				CLANG_WARN_DIRECT_OBJC_ISA_USAGE = YES_ERROR;
				CLANG_WARN_DOCUMENTATION_COMMENTS = YES;
				CLANG_WARN_OBJC_ROOT_CLASS = YES_ERROR;
				CLANG_WARN_UNGUARDED_AVAILABILITY = YES_AGGRESSIVE;
				CODE_SIGN_IDENTITY = "Mac Developer";
				CODE_SIGN_STYLE = Automatic;
				COMBINE_HIDPI_IMAGES = YES;
				COPY_PHASE_STRIP = NO;
				DEBUG_INFORMATION_FORMAT = dwarf;
				DEVELOPMENT_TEAM = VAMN295L7W;
				FRAMEWORK_SEARCH_PATHS = (
					"$(inherited)",
					"$(PROJECT_DIR)/Carthage/Build/Mac",
				);
				GCC_C_LANGUAGE_STANDARD = gnu11;
				GCC_DYNAMIC_NO_PIC = NO;
				GCC_OPTIMIZATION_LEVEL = 0;
				GCC_PREPROCESSOR_DEFINITIONS = (
					"DEBUG=1",
					"$(inherited)",
				);
				GCC_WARN_ABOUT_RETURN_TYPE = YES_ERROR;
				GCC_WARN_UNINITIALIZED_AUTOS = YES_AGGRESSIVE;
				INFOPLIST_FILE = HypotheSwiftTests/Info.plist;
				LD_RUNPATH_SEARCH_PATHS = "$(inherited) @executable_path/../Frameworks @loader_path/../Frameworks @loader_path/Frameworks";
				MACOSX_DEPLOYMENT_TARGET = 10.13;
				MTL_ENABLE_DEBUG_INFO = YES;
				PRODUCT_BUNDLE_IDENTIFIER = ca.alexpopov.HypotheSwiftTests;
				PRODUCT_NAME = "$(TARGET_NAME)";
				SDKROOT = macosx;
				SWIFT_ACTIVE_COMPILATION_CONDITIONS = DEBUG;
				SWIFT_OPTIMIZATION_LEVEL = "-Onone";
				SWIFT_VERSION = 4.0;
			};
			name = Debug;
		};
		B094E4A920740B87005D559E /* Release */ = {
			isa = XCBuildConfiguration;
			buildSettings = {
				ALWAYS_SEARCH_USER_PATHS = NO;
				CLANG_ANALYZER_NONNULL = YES;
				CLANG_ANALYZER_NUMBER_OBJECT_CONVERSION = YES_AGGRESSIVE;
				CLANG_CXX_LANGUAGE_STANDARD = "gnu++14";
				CLANG_CXX_LIBRARY = "libc++";
				CLANG_ENABLE_MODULES = YES;
				CLANG_ENABLE_OBJC_ARC = YES;
				CLANG_ENABLE_OBJC_WEAK = YES;
				CLANG_WARN_DIRECT_OBJC_ISA_USAGE = YES_ERROR;
				CLANG_WARN_DOCUMENTATION_COMMENTS = YES;
				CLANG_WARN_OBJC_ROOT_CLASS = YES_ERROR;
				CLANG_WARN_UNGUARDED_AVAILABILITY = YES_AGGRESSIVE;
				CODE_SIGN_IDENTITY = "Mac Developer";
				CODE_SIGN_STYLE = Automatic;
				COMBINE_HIDPI_IMAGES = YES;
				COPY_PHASE_STRIP = NO;
				DEBUG_INFORMATION_FORMAT = "dwarf-with-dsym";
				DEVELOPMENT_TEAM = VAMN295L7W;
				ENABLE_NS_ASSERTIONS = NO;
				FRAMEWORK_SEARCH_PATHS = (
					"$(inherited)",
					"$(PROJECT_DIR)/Carthage/Build/Mac",
				);
				GCC_C_LANGUAGE_STANDARD = gnu11;
				GCC_WARN_ABOUT_RETURN_TYPE = YES_ERROR;
				GCC_WARN_UNINITIALIZED_AUTOS = YES_AGGRESSIVE;
				INFOPLIST_FILE = HypotheSwiftTests/Info.plist;
				LD_RUNPATH_SEARCH_PATHS = "$(inherited) @executable_path/../Frameworks @loader_path/../Frameworks @loader_path/Frameworks";
				MACOSX_DEPLOYMENT_TARGET = 10.13;
				MTL_ENABLE_DEBUG_INFO = NO;
				PRODUCT_BUNDLE_IDENTIFIER = ca.alexpopov.HypotheSwiftTests;
				PRODUCT_NAME = "$(TARGET_NAME)";
				SDKROOT = macosx;
				SWIFT_OPTIMIZATION_LEVEL = "-Owholemodule";
				SWIFT_VERSION = 4.0;
			};
			name = Release;
		};
/* End XCBuildConfiguration section */

/* Begin XCConfigurationList section */
		8C0968701ED8C3A200CC19F2 /* Build configuration list for PBXProject "HypotheSwift" */ = {
			isa = XCConfigurationList;
			buildConfigurations = (
				8C0968711ED8C3A200CC19F2 /* Debug */,
				8C0968721ED8C3A200CC19F2 /* Release */,
			);
			defaultConfigurationIsVisible = 0;
			defaultConfigurationName = Release;
		};
		8C09687E1ED8C64600CC19F2 /* Build configuration list for PBXNativeTarget "HypotheSwift iOS" */ = {
			isa = XCConfigurationList;
			buildConfigurations = (
				8C09687F1ED8C64600CC19F2 /* Debug */,
				8C0968801ED8C64600CC19F2 /* Release */,
			);
			defaultConfigurationIsVisible = 0;
			defaultConfigurationName = Release;
		};
		8C0968A51ED8CE5500CC19F2 /* Build configuration list for PBXNativeTarget "HypotheSwift macOS" */ = {
			isa = XCConfigurationList;
			buildConfigurations = (
				8C0968A61ED8CE5500CC19F2 /* Debug */,
				8C0968A71ED8CE5500CC19F2 /* Release */,
			);
			defaultConfigurationIsVisible = 0;
			defaultConfigurationName = Release;
		};
		B094E4AA20740B87005D559E /* Build configuration list for PBXNativeTarget "HypotheSwiftTests" */ = {
			isa = XCConfigurationList;
			buildConfigurations = (
				B094E4A820740B87005D559E /* Debug */,
				B094E4A920740B87005D559E /* Release */,
			);
			defaultConfigurationIsVisible = 0;
			defaultConfigurationName = Release;
		};
/* End XCConfigurationList section */
	};
	rootObject = 8C09686D1ED8C3A200CC19F2 /* Project object */;
}
